// !$*UTF8*$!
{
	archiveVersion = 1;
	classes = {
	};
	objectVersion = 46;
	objects = {

/* Begin PBXBuildFile section */
		5071416B139B73090001E3F0 /* UIKit.framework in Frameworks */ = {isa = PBXBuildFile; fileRef = 5071416A139B73090001E3F0 /* UIKit.framework */; };
		5071416D139B73090001E3F0 /* Foundation.framework in Frameworks */ = {isa = PBXBuildFile; fileRef = 5071416C139B73090001E3F0 /* Foundation.framework */; };
		5071416F139B73090001E3F0 /* CoreGraphics.framework in Frameworks */ = {isa = PBXBuildFile; fileRef = 5071416E139B73090001E3F0 /* CoreGraphics.framework */; };
		50714175139B73090001E3F0 /* InfoPlist.strings in Resources */ = {isa = PBXBuildFile; fileRef = 50714173139B73090001E3F0 /* InfoPlist.strings */; };
		50714178139B73090001E3F0 /* main.m in Sources */ = {isa = PBXBuildFile; fileRef = 50714177139B73090001E3F0 /* main.m */; };
		5071417B139B73090001E3F0 /* GivedubAppDelegate.m in Sources */ = {isa = PBXBuildFile; fileRef = 5071417A139B73090001E3F0 /* GivedubAppDelegate.m */; };
		5071417E139B73090001E3F0 /* MainWindow.xib in Resources */ = {isa = PBXBuildFile; fileRef = 5071417C139B73090001E3F0 /* MainWindow.xib */; };
		50714181139B73090001E3F0 /* FirstViewController.m in Sources */ = {isa = PBXBuildFile; fileRef = 50714180139B73090001E3F0 /* FirstViewController.m */; };
		50714184139B73090001E3F0 /* SecondViewController.m in Sources */ = {isa = PBXBuildFile; fileRef = 50714183139B73090001E3F0 /* SecondViewController.m */; };
		50714187139B73090001E3F0 /* FirstView.xib in Resources */ = {isa = PBXBuildFile; fileRef = 50714185139B73090001E3F0 /* FirstView.xib */; };
		5071418A139B73090001E3F0 /* SecondView.xib in Resources */ = {isa = PBXBuildFile; fileRef = 50714188139B73090001E3F0 /* SecondView.xib */; };
		50714191139B73090001E3F0 /* UIKit.framework in Frameworks */ = {isa = PBXBuildFile; fileRef = 5071416A139B73090001E3F0 /* UIKit.framework */; };
		50714192139B73090001E3F0 /* Foundation.framework in Frameworks */ = {isa = PBXBuildFile; fileRef = 5071416C139B73090001E3F0 /* Foundation.framework */; };
		50714193139B73090001E3F0 /* CoreGraphics.framework in Frameworks */ = {isa = PBXBuildFile; fileRef = 5071416E139B73090001E3F0 /* CoreGraphics.framework */; };
		5071419B139B73090001E3F0 /* InfoPlist.strings in Resources */ = {isa = PBXBuildFile; fileRef = 50714199139B73090001E3F0 /* InfoPlist.strings */; };
		5071419E139B73090001E3F0 /* GivedubTests.h in Resources */ = {isa = PBXBuildFile; fileRef = 5071419D139B73090001E3F0 /* GivedubTests.h */; };
		507141A0139B73090001E3F0 /* GivedubTests.m in Sources */ = {isa = PBXBuildFile; fileRef = 5071419F139B73090001E3F0 /* GivedubTests.m */; };
/* End PBXBuildFile section */

/* Begin PBXContainerItemProxy section */
		50714194139B73090001E3F0 /* PBXContainerItemProxy */ = {
			isa = PBXContainerItemProxy;
			containerPortal = 5071415D139B73090001E3F0 /* Project object */;
			proxyType = 1;
			remoteGlobalIDString = 50714165139B73090001E3F0;
			remoteInfo = Givedub;
		};
/* End PBXContainerItemProxy section */

/* Begin PBXFileReference section */
		50714166139B73090001E3F0 /* Givedub.app */ = {isa = PBXFileReference; explicitFileType = wrapper.application; includeInIndex = 0; path = Givedub.app; sourceTree = BUILT_PRODUCTS_DIR; };
		5071416A139B73090001E3F0 /* UIKit.framework */ = {isa = PBXFileReference; lastKnownFileType = wrapper.framework; name = UIKit.framework; path = System/Library/Frameworks/UIKit.framework; sourceTree = SDKROOT; };
		5071416C139B73090001E3F0 /* Foundation.framework */ = {isa = PBXFileReference; lastKnownFileType = wrapper.framework; name = Foundation.framework; path = System/Library/Frameworks/Foundation.framework; sourceTree = SDKROOT; };
		5071416E139B73090001E3F0 /* CoreGraphics.framework */ = {isa = PBXFileReference; lastKnownFileType = wrapper.framework; name = CoreGraphics.framework; path = System/Library/Frameworks/CoreGraphics.framework; sourceTree = SDKROOT; };
		50714172139B73090001E3F0 /* Givedub-Info.plist */ = {isa = PBXFileReference; path = "Givedub-Info.plist"; sourceTree = "<group>"; };
		50714174139B73090001E3F0 /* en */ = {isa = PBXFileReference; lastKnownFileType = text.plist.strings; name = en; path = en.lproj/InfoPlist.strings; sourceTree = "<group>"; };
		50714176139B73090001E3F0 /* Givedub-Prefix.pch */ = {isa = PBXFileReference; path = "Givedub-Prefix.pch"; sourceTree = "<group>"; };
		50714177139B73090001E3F0 /* main.m */ = {isa = PBXFileReference; lastKnownFileType = sourcecode.c.objc; path = main.m; sourceTree = "<group>"; };
		50714179139B73090001E3F0 /* GivedubAppDelegate.h */ = {isa = PBXFileReference; path = GivedubAppDelegate.h; sourceTree = "<group>"; };
		5071417A139B73090001E3F0 /* GivedubAppDelegate.m */ = {isa = PBXFileReference; lastKnownFileType = sourcecode.c.objc; path = GivedubAppDelegate.m; sourceTree = "<group>"; };
		5071417D139B73090001E3F0 /* en */ = {isa = PBXFileReference; lastKnownFileType = file.xib; name = en; path = en.lproj/MainWindow.xib; sourceTree = "<group>"; };
		5071417F139B73090001E3F0 /* FirstViewController.h */ = {isa = PBXFileReference; path = FirstViewController.h; sourceTree = "<group>"; };
		50714180139B73090001E3F0 /* FirstViewController.m */ = {isa = PBXFileReference; lastKnownFileType = sourcecode.c.objc; path = FirstViewController.m; sourceTree = "<group>"; };
		50714182139B73090001E3F0 /* SecondViewController.h */ = {isa = PBXFileReference; path = SecondViewController.h; sourceTree = "<group>"; };
		50714183139B73090001E3F0 /* SecondViewController.m */ = {isa = PBXFileReference; lastKnownFileType = sourcecode.c.objc; path = SecondViewController.m; sourceTree = "<group>"; };
		50714186139B73090001E3F0 /* en */ = {isa = PBXFileReference; lastKnownFileType = file.xib; name = en; path = en.lproj/FirstView.xib; sourceTree = "<group>"; };
		50714189139B73090001E3F0 /* en */ = {isa = PBXFileReference; lastKnownFileType = file.xib; name = en; path = en.lproj/SecondView.xib; sourceTree = "<group>"; };
		50714190139B73090001E3F0 /* GivedubTests.octest */ = {isa = PBXFileReference; explicitFileType = wrapper.cfbundle; includeInIndex = 0; path = GivedubTests.octest; sourceTree = BUILT_PRODUCTS_DIR; };
		50714198139B73090001E3F0 /* GivedubTests-Info.plist */ = {isa = PBXFileReference; path = "GivedubTests-Info.plist"; sourceTree = "<group>"; };
		5071419A139B73090001E3F0 /* en */ = {isa = PBXFileReference; lastKnownFileType = text.plist.strings; name = en; path = en.lproj/InfoPlist.strings; sourceTree = "<group>"; };
		5071419C139B73090001E3F0 /* GivedubTests-Prefix.pch */ = {isa = PBXFileReference; path = "GivedubTests-Prefix.pch"; sourceTree = "<group>"; };
		5071419D139B73090001E3F0 /* GivedubTests.h */ = {isa = PBXFileReference; lastKnownFileType = sourcecode.c.h; path = GivedubTests.h; sourceTree = "<group>"; };
		5071419F139B73090001E3F0 /* GivedubTests.m */ = {isa = PBXFileReference; lastKnownFileType = sourcecode.c.objc; path = GivedubTests.m; sourceTree = "<group>"; };
/* End PBXFileReference section */

/* Begin PBXFrameworksBuildPhase section */
		50714163139B73090001E3F0 /* Frameworks */ = {
			isa = PBXFrameworksBuildPhase;
			buildActionMask = 2147483647;
			files = (
				5071416B139B73090001E3F0 /* UIKit.framework in Frameworks */,
				5071416D139B73090001E3F0 /* Foundation.framework in Frameworks */,
				5071416F139B73090001E3F0 /* CoreGraphics.framework in Frameworks */,
			);
			runOnlyForDeploymentPostprocessing = 0;
		};
		5071418C139B73090001E3F0 /* Frameworks */ = {
			isa = PBXFrameworksBuildPhase;
			buildActionMask = 2147483647;
			files = (
				50714191139B73090001E3F0 /* UIKit.framework in Frameworks */,
				50714192139B73090001E3F0 /* Foundation.framework in Frameworks */,
				50714193139B73090001E3F0 /* CoreGraphics.framework in Frameworks */,
			);
			runOnlyForDeploymentPostprocessing = 0;
		};
/* End PBXFrameworksBuildPhase section */

/* Begin PBXGroup section */
		5071415B139B73090001E3F0 = {
			isa = PBXGroup;
			children = (
				50714170139B73090001E3F0 /* Givedub */,
				50714196139B73090001E3F0 /* GivedubTests */,
				50714169139B73090001E3F0 /* Frameworks */,
				50714167139B73090001E3F0 /* Products */,
			);
			sourceTree = "<group>";
		};
		50714167139B73090001E3F0 /* Products */ = {
			isa = PBXGroup;
			children = (
				50714166139B73090001E3F0 /* Givedub.app */,
				50714190139B73090001E3F0 /* GivedubTests.octest */,
			);
			name = Products;
			sourceTree = "<group>";
		};
		50714169139B73090001E3F0 /* Frameworks */ = {
			isa = PBXGroup;
			children = (
				5071416A139B73090001E3F0 /* UIKit.framework */,
				5071416C139B73090001E3F0 /* Foundation.framework */,
				5071416E139B73090001E3F0 /* CoreGraphics.framework */,
			);
			name = Frameworks;
			sourceTree = "<group>";
		};
		50714170139B73090001E3F0 /* Givedub */ = {
			isa = PBXGroup;
			children = (
				50714179139B73090001E3F0 /* GivedubAppDelegate.h */,
				5071417A139B73090001E3F0 /* GivedubAppDelegate.m */,
				5071417C139B73090001E3F0 /* MainWindow.xib */,
				5071417F139B73090001E3F0 /* FirstViewController.h */,
				50714180139B73090001E3F0 /* FirstViewController.m */,
				50714182139B73090001E3F0 /* SecondViewController.h */,
				50714183139B73090001E3F0 /* SecondViewController.m */,
				50714185139B73090001E3F0 /* FirstView.xib */,
				50714188139B73090001E3F0 /* SecondView.xib */,
				50714171139B73090001E3F0 /* Supporting Files */,
			);
			path = Givedub;
			sourceTree = "<group>";
		};
		50714171139B73090001E3F0 /* Supporting Files */ = {
			isa = PBXGroup;
			children = (
				50714172139B73090001E3F0 /* Givedub-Info.plist */,
				50714173139B73090001E3F0 /* InfoPlist.strings */,
				50714176139B73090001E3F0 /* Givedub-Prefix.pch */,
				50714177139B73090001E3F0 /* main.m */,
			);
			name = "Supporting Files";
			sourceTree = "<group>";
		};
		50714196139B73090001E3F0 /* GivedubTests */ = {
			isa = PBXGroup;
			children = (
				5071419D139B73090001E3F0 /* GivedubTests.h */,
				5071419F139B73090001E3F0 /* GivedubTests.m */,
				50714197139B73090001E3F0 /* Supporting Files */,
			);
			path = GivedubTests;
			sourceTree = "<group>";
		};
		50714197139B73090001E3F0 /* Supporting Files */ = {
			isa = PBXGroup;
			children = (
				50714198139B73090001E3F0 /* GivedubTests-Info.plist */,
				50714199139B73090001E3F0 /* InfoPlist.strings */,
				5071419C139B73090001E3F0 /* GivedubTests-Prefix.pch */,
			);
			name = "Supporting Files";
			sourceTree = "<group>";
		};
/* End PBXGroup section */

/* Begin PBXNativeTarget section */
		50714165139B73090001E3F0 /* Givedub */ = {
			isa = PBXNativeTarget;
			buildConfigurationList = 507141A3139B73090001E3F0 /* Build configuration list for PBXNativeTarget "Givedub" */;
			buildPhases = (
				50714162139B73090001E3F0 /* Sources */,
				50714163139B73090001E3F0 /* Frameworks */,
				50714164139B73090001E3F0 /* Resources */,
			);
			buildRules = (
			);
			dependencies = (
			);
			name = Givedub;
			productName = Givedub;
			productReference = 50714166139B73090001E3F0 /* Givedub.app */;
			productType = "com.apple.product-type.application";
		};
		5071418F139B73090001E3F0 /* GivedubTests */ = {
			isa = PBXNativeTarget;
			buildConfigurationList = 507141A6139B73090001E3F0 /* Build configuration list for PBXNativeTarget "GivedubTests" */;
			buildPhases = (
				5071418B139B73090001E3F0 /* Sources */,
				5071418C139B73090001E3F0 /* Frameworks */,
				5071418D139B73090001E3F0 /* Resources */,
				5071418E139B73090001E3F0 /* ShellScript */,
			);
			buildRules = (
			);
			dependencies = (
				50714195139B73090001E3F0 /* PBXTargetDependency */,
			);
			name = GivedubTests;
			productName = GivedubTests;
			productReference = 50714190139B73090001E3F0 /* GivedubTests.octest */;
			productType = "com.apple.product-type.bundle";
		};
/* End PBXNativeTarget section */

/* Begin PBXProject section */
		5071415D139B73090001E3F0 /* Project object */ = {
			isa = PBXProject;
			buildConfigurationList = 50714160139B73090001E3F0 /* Build configuration list for PBXProject "Givedub" */;
			compatibilityVersion = "Xcode 3.2";
			developmentRegion = English;
			hasScannedForEncodings = 0;
			knownRegions = (
				en,
			);
			mainGroup = 5071415B139B73090001E3F0;
			productRefGroup = 50714167139B73090001E3F0 /* Products */;
			projectDirPath = "";
			projectRoot = "";
			targets = (
				50714165139B73090001E3F0 /* Givedub */,
				5071418F139B73090001E3F0 /* GivedubTests */,
			);
		};
/* End PBXProject section */

/* Begin PBXResourcesBuildPhase section */
		50714164139B73090001E3F0 /* Resources */ = {
			isa = PBXResourcesBuildPhase;
			buildActionMask = 2147483647;
			files = (
				50714175139B73090001E3F0 /* InfoPlist.strings in Resources */,
				5071417E139B73090001E3F0 /* MainWindow.xib in Resources */,
				50714187139B73090001E3F0 /* FirstView.xib in Resources */,
				5071418A139B73090001E3F0 /* SecondView.xib in Resources */,
			);
			runOnlyForDeploymentPostprocessing = 0;
		};
		5071418D139B73090001E3F0 /* Resources */ = {
			isa = PBXResourcesBuildPhase;
			buildActionMask = 2147483647;
			files = (
				5071419B139B73090001E3F0 /* InfoPlist.strings in Resources */,
				5071419E139B73090001E3F0 /* GivedubTests.h in Resources */,
			);
			runOnlyForDeploymentPostprocessing = 0;
		};
/* End PBXResourcesBuildPhase section */

/* Begin PBXShellScriptBuildPhase section */
		5071418E139B73090001E3F0 /* ShellScript */ = {
			isa = PBXShellScriptBuildPhase;
			buildActionMask = 2147483647;
			files = (
			);
			inputPaths = (
			);
			outputPaths = (
			);
			runOnlyForDeploymentPostprocessing = 0;
			shellPath = /bin/sh;
			shellScript = "# Run the unit tests in this test bundle.\n\"${SYSTEM_DEVELOPER_DIR}/Tools/RunUnitTests\"\n";
		};
/* End PBXShellScriptBuildPhase section */

/* Begin PBXSourcesBuildPhase section */
		50714162139B73090001E3F0 /* Sources */ = {
			isa = PBXSourcesBuildPhase;
			buildActionMask = 2147483647;
			files = (
				50714178139B73090001E3F0 /* main.m in Sources */,
				5071417B139B73090001E3F0 /* GivedubAppDelegate.m in Sources */,
				50714181139B73090001E3F0 /* FirstViewController.m in Sources */,
				50714184139B73090001E3F0 /* SecondViewController.m in Sources */,
			);
			runOnlyForDeploymentPostprocessing = 0;
		};
		5071418B139B73090001E3F0 /* Sources */ = {
			isa = PBXSourcesBuildPhase;
			buildActionMask = 2147483647;
			files = (
				507141A0139B73090001E3F0 /* GivedubTests.m in Sources */,
			);
			runOnlyForDeploymentPostprocessing = 0;
		};
/* End PBXSourcesBuildPhase section */

/* Begin PBXTargetDependency section */
		50714195139B73090001E3F0 /* PBXTargetDependency */ = {
			isa = PBXTargetDependency;
			target = 50714165139B73090001E3F0 /* Givedub */;
			targetProxy = 50714194139B73090001E3F0 /* PBXContainerItemProxy */;
		};
/* End PBXTargetDependency section */

/* Begin PBXVariantGroup section */
		50714173139B73090001E3F0 /* InfoPlist.strings */ = {
			isa = PBXVariantGroup;
			children = (
				50714174139B73090001E3F0 /* en */,
			);
			name = InfoPlist.strings;
			sourceTree = "<group>";
		};
		5071417C139B73090001E3F0 /* MainWindow.xib */ = {
			isa = PBXVariantGroup;
			children = (
				5071417D139B73090001E3F0 /* en */,
			);
			name = MainWindow.xib;
			sourceTree = "<group>";
		};
		50714185139B73090001E3F0 /* FirstView.xib */ = {
			isa = PBXVariantGroup;
			children = (
				50714186139B73090001E3F0 /* en */,
			);
			name = FirstView.xib;
			sourceTree = "<group>";
		};
		50714188139B73090001E3F0 /* SecondView.xib */ = {
			isa = PBXVariantGroup;
			children = (
				50714189139B73090001E3F0 /* en */,
			);
			name = SecondView.xib;
			sourceTree = "<group>";
		};
		50714199139B73090001E3F0 /* InfoPlist.strings */ = {
			isa = PBXVariantGroup;
			children = (
				5071419A139B73090001E3F0 /* en */,
			);
			name = InfoPlist.strings;
			sourceTree = "<group>";
		};
/* End PBXVariantGroup section */

/* Begin XCBuildConfiguration section */
		507141A1139B73090001E3F0 /* Debug */ = {
			isa = XCBuildConfiguration;
			buildSettings = {
				ARCHS = "$(ARCHS_STANDARD_32_BIT)";
				"CODE_SIGN_IDENTITY[sdk=iphoneos*]" = "iPhone Developer";
				GCC_C_LANGUAGE_STANDARD = gnu99;
				GCC_OPTIMIZATION_LEVEL = 0;
				GCC_PREPROCESSOR_DEFINITIONS = DEBUG;
				GCC_SYMBOLS_PRIVATE_EXTERN = NO;
				GCC_VERSION = com.apple.compilers.llvmgcc42;
				GCC_WARN_ABOUT_RETURN_TYPE = YES;
				GCC_WARN_UNUSED_VARIABLE = YES;
				IPHONEOS_DEPLOYMENT_TARGET = 4.3;
				SDKROOT = iphoneos;
			};
			name = Debug;
		};
		507141A2139B73090001E3F0 /* Release */ = {
			isa = XCBuildConfiguration;
			buildSettings = {
				ARCHS = "$(ARCHS_STANDARD_32_BIT)";
				"CODE_SIGN_IDENTITY[sdk=iphoneos*]" = "iPhone Developer";
				GCC_C_LANGUAGE_STANDARD = gnu99;
				GCC_VERSION = com.apple.compilers.llvmgcc42;
				GCC_WARN_ABOUT_RETURN_TYPE = YES;
				GCC_WARN_UNUSED_VARIABLE = YES;
				IPHONEOS_DEPLOYMENT_TARGET = 4.3;
				OTHER_CFLAGS = "-DNS_BLOCK_ASSERTIONS=1";
				SDKROOT = iphoneos;
			};
			name = Release;
		};
		507141A4139B73090001E3F0 /* Debug */ = {
			isa = XCBuildConfiguration;
			buildSettings = {
				ALWAYS_SEARCH_USER_PATHS = NO;
				COPY_PHASE_STRIP = NO;
				GCC_DYNAMIC_NO_PIC = NO;
				GCC_PRECOMPILE_PREFIX_HEADER = YES;
				GCC_PREFIX_HEADER = "Givedub/Givedub-Prefix.pch";
				INFOPLIST_FILE = "Givedub/Givedub-Info.plist";
				PRODUCT_NAME = "$(TARGET_NAME)";
				WRAPPER_EXTENSION = app;
			};
			name = Debug;
		};
		507141A5139B73090001E3F0 /* Release */ = {
			isa = XCBuildConfiguration;
			buildSettings = {
				ALWAYS_SEARCH_USER_PATHS = NO;
				COPY_PHASE_STRIP = YES;
				GCC_PRECOMPILE_PREFIX_HEADER = YES;
				GCC_PREFIX_HEADER = "Givedub/Givedub-Prefix.pch";
				INFOPLIST_FILE = "Givedub/Givedub-Info.plist";
				PRODUCT_NAME = "$(TARGET_NAME)";
				VALIDATE_PRODUCT = YES;
				WRAPPER_EXTENSION = app;
			};
			name = Release;
		};
		507141A7139B73090001E3F0 /* Debug */ = {
			isa = XCBuildConfiguration;
			buildSettings = {
				ALWAYS_SEARCH_USER_PATHS = NO;
				BUNDLE_LOADER = "$(BUILT_PRODUCTS_DIR)/Givedub.app/Givedub";
				FRAMEWORK_SEARCH_PATHS = (
					"$(SDKROOT)/Developer/Library/Frameworks",
					"$(DEVELOPER_LIBRARY_DIR)/Frameworks",
				);
				GCC_PRECOMPILE_PREFIX_HEADER = YES;
				GCC_PREFIX_HEADER = "GivedubTests/GivedubTests-Prefix.pch";
				INFOPLIST_FILE = "GivedubTests/GivedubTests-Info.plist";
				OTHER_LDFLAGS = (
					"-framework",
					SenTestingKit,
				);
				PRODUCT_NAME = "$(TARGET_NAME)";
				TEST_HOST = "$(BUNDLE_LOADER)";
				WRAPPER_EXTENSION = octest;
			};
			name = Debug;
		};
		507141A8139B73090001E3F0 /* Release */ = {
			isa = XCBuildConfiguration;
			buildSettings = {
				ALWAYS_SEARCH_USER_PATHS = NO;
				BUNDLE_LOADER = "$(BUILT_PRODUCTS_DIR)/Givedub.app/Givedub";
				FRAMEWORK_SEARCH_PATHS = (
					"$(SDKROOT)/Developer/Library/Frameworks",
					"$(DEVELOPER_LIBRARY_DIR)/Frameworks",
				);
				GCC_PRECOMPILE_PREFIX_HEADER = YES;
				GCC_PREFIX_HEADER = "GivedubTests/GivedubTests-Prefix.pch";
				INFOPLIST_FILE = "GivedubTests/GivedubTests-Info.plist";
				OTHER_LDFLAGS = (
					"-framework",
					SenTestingKit,
				);
				PRODUCT_NAME = "$(TARGET_NAME)";
				TEST_HOST = "$(BUNDLE_LOADER)";
				WRAPPER_EXTENSION = octest;
			};
			name = Release;
		};
/* End XCBuildConfiguration section */

/* Begin XCConfigurationList section */
		50714160139B73090001E3F0 /* Build configuration list for PBXProject "Givedub" */ = {
			isa = XCConfigurationList;
			buildConfigurations = (
				507141A1139B73090001E3F0 /* Debug */,
				507141A2139B73090001E3F0 /* Release */,
			);
			defaultConfigurationIsVisible = 0;
			defaultConfigurationName = Release;
		};
		507141A3139B73090001E3F0 /* Build configuration list for PBXNativeTarget "Givedub" */ = {
			isa = XCConfigurationList;
			buildConfigurations = (
				507141A4139B73090001E3F0 /* Debug */,
				507141A5139B73090001E3F0 /* Release */,
			);
			defaultConfigurationIsVisible = 0;
		};
		507141A6139B73090001E3F0 /* Build configuration list for PBXNativeTarget "GivedubTests" */ = {
			isa = XCConfigurationList;
			buildConfigurations = (
				507141A7139B73090001E3F0 /* Debug */,
				507141A8139B73090001E3F0 /* Release */,
			);
			defaultConfigurationIsVisible = 0;
		};
/* End XCConfigurationList section */
	};
	rootObject = 5071415D139B73090001E3F0 /* Project object */;
}
